
Microsoft Visual Studio Solution File, Format Version 12.00
# Visual Studio 15
VisualStudioVersion = 15.0.27703.2035
MinimumVisualStudioVersion = 10.0.40219.1
Project("{2150E333-8FDC-42A3-9474-1A3956D46DE8}") = "Infrastructure", "Infrastructure", "{7360EE56-E559-44F4-A213-64284EB1667D}"
EndProject
Project("{9A19103F-16F7-4668-BE54-9A1E7A4F7556}") = "VoltSignature.Interface", "VoltSignature.Interface\VoltSignature.Interface.csproj", "{FA5585E7-35BD-4BF4-8411-0DF6B8E3B878}"
EndProject
Project("{9A19103F-16F7-4668-BE54-9A1E7A4F7556}") = "VoltSignature.Core", "VoltSignature.Core\VoltSignature.Core.csproj", "{B7001720-2731-487C-8AA2-DDEBA626B57C}"
EndProject
Project("{9A19103F-16F7-4668-BE54-9A1E7A4F7556}") = "VoltSignature.Model", "VoltSignature.Model\VoltSignature.Model.csproj", "{8A272092-AEF9-423E-80F6-2AF2259E7746}"
EndProject
Project("{9A19103F-16F7-4668-BE54-9A1E7A4F7556}") = "VoltSignature.UI", "VoltSignature\VoltSignature.UI.csproj", "{3176808C-E13D-4F41-ACDA-D516BC6B9CD9}"
EndProject
Project("{9A19103F-16F7-4668-BE54-9A1E7A4F7556}") = "VoltSignature.DbCore", "VoltSignature.DbCore\VoltSignature.DbCore.csproj", "{24E34637-153A-4B8B-8990-AEA86CE3989E}"
EndProject
Project("{9A19103F-16F7-4668-BE54-9A1E7A4F7556}") = "VoltSignature.Common", "VoltSignature.Common\VoltSignature.Common.csproj", "{259DA939-92A8-4D45-9340-EFCEB793B363}"
EndProject
Project("{9A19103F-16F7-4668-BE54-9A1E7A4F7556}") = "VoltSignature.Test", "VoltSignature.Test\VoltSignature.Test.csproj", "{06D305CF-CFBF-4E3B-B7F5-E4E05E4A4444}"
EndProject
Project("{FAE04EC0-301F-11D3-BF4B-00C04F79EFBC}") = "VoltSignature.Files", "VoltSignature.Files\VoltSignature.Files.csproj", "{609E7494-F7B5-47DA-81ED-49F5457070ED}"
EndProject
Global
	GlobalSection(SolutionConfigurationPlatforms) = preSolution
		Debug|Any CPU = Debug|Any CPU
		Release|Any CPU = Release|Any CPU
	EndGlobalSection
	GlobalSection(ProjectConfigurationPlatforms) = postSolution
		{FA5585E7-35BD-4BF4-8411-0DF6B8E3B878}.Debug|Any CPU.ActiveCfg = Debug|Any CPU
		{FA5585E7-35BD-4BF4-8411-0DF6B8E3B878}.Debug|Any CPU.Build.0 = Debug|Any CPU
		{FA5585E7-35BD-4BF4-8411-0DF6B8E3B878}.Release|Any CPU.ActiveCfg = Release|Any CPU
		{FA5585E7-35BD-4BF4-8411-0DF6B8E3B878}.Release|Any CPU.Build.0 = Release|Any CPU
		{B7001720-2731-487C-8AA2-DDEBA626B57C}.Debug|Any CPU.ActiveCfg = Debug|Any CPU
		{B7001720-2731-487C-8AA2-DDEBA626B57C}.Debug|Any CPU.Build.0 = Debug|Any CPU
		{B7001720-2731-487C-8AA2-DDEBA626B57C}.Release|Any CPU.ActiveCfg = Release|Any CPU
		{B7001720-2731-487C-8AA2-DDEBA626B57C}.Release|Any CPU.Build.0 = Release|Any CPU
		{8A272092-AEF9-423E-80F6-2AF2259E7746}.Debug|Any CPU.ActiveCfg = Debug|Any CPU
		{8A272092-AEF9-423E-80F6-2AF2259E7746}.Debug|Any CPU.Build.0 = Debug|Any CPU
		{8A272092-AEF9-423E-80F6-2AF2259E7746}.Release|Any CPU.ActiveCfg = Release|Any CPU
		{8A272092-AEF9-423E-80F6-2AF2259E7746}.Release|Any CPU.Build.0 = Release|Any CPU
		{3176808C-E13D-4F41-ACDA-D516BC6B9CD9}.Debug|Any CPU.ActiveCfg = Debug|Any CPU
		{3176808C-E13D-4F41-ACDA-D516BC6B9CD9}.Debug|Any CPU.Build.0 = Debug|Any CPU
		{3176808C-E13D-4F41-ACDA-D516BC6B9CD9}.Release|Any CPU.ActiveCfg = Release|Any CPU
		{3176808C-E13D-4F41-ACDA-D516BC6B9CD9}.Release|Any CPU.Build.0 = Release|Any CPU
		{24E34637-153A-4B8B-8990-AEA86CE3989E}.Debug|Any CPU.ActiveCfg = Debug|Any CPU
		{24E34637-153A-4B8B-8990-AEA86CE3989E}.Debug|Any CPU.Build.0 = Debug|Any CPU
		{24E34637-153A-4B8B-8990-AEA86CE3989E}.Release|Any CPU.ActiveCfg = Release|Any CPU
		{24E34637-153A-4B8B-8990-AEA86CE3989E}.Release|Any CPU.Build.0 = Release|Any CPU
		{259DA939-92A8-4D45-9340-EFCEB793B363}.Debug|Any CPU.ActiveCfg = Debug|Any CPU
		{259DA939-92A8-4D45-9340-EFCEB793B363}.Debug|Any CPU.Build.0 = Debug|Any CPU
		{259DA939-92A8-4D45-9340-EFCEB793B363}.Release|Any CPU.ActiveCfg = Release|Any CPU
		{259DA939-92A8-4D45-9340-EFCEB793B363}.Release|Any CPU.Build.0 = Release|Any CPU
		{06D305CF-CFBF-4E3B-B7F5-E4E05E4A4444}.Debug|Any CPU.ActiveCfg = Debug|Any CPU
		{06D305CF-CFBF-4E3B-B7F5-E4E05E4A4444}.Debug|Any CPU.Build.0 = Debug|Any CPU
		{06D305CF-CFBF-4E3B-B7F5-E4E05E4A4444}.Release|Any CPU.ActiveCfg = Release|Any CPU
		{06D305CF-CFBF-4E3B-B7F5-E4E05E4A4444}.Release|Any CPU.Build.0 = Release|Any CPU
		{609E7494-F7B5-47DA-81ED-49F5457070ED}.Debug|Any CPU.ActiveCfg = Debug|Any CPU
		{609E7494-F7B5-47DA-81ED-49F5457070ED}.Debug|Any CPU.Build.0 = Debug|Any CPU
		{609E7494-F7B5-47DA-81ED-49F5457070ED}.Release|Any CPU.ActiveCfg = Release|Any CPU
		{609E7494-F7B5-47DA-81ED-49F5457070ED}.Release|Any CPU.Build.0 = Release|Any CPU
	EndGlobalSection
	GlobalSection(SolutionProperties) = preSolution
		HideSolutionNode = FALSE
	EndGlobalSection
	GlobalSection(NestedProjects) = preSolution
		{FA5585E7-35BD-4BF4-8411-0DF6B8E3B878} = {7360EE56-E559-44F4-A213-64284EB1667D}
		{B7001720-2731-487C-8AA2-DDEBA626B57C} = {7360EE56-E559-44F4-A213-64284EB1667D}
		{8A272092-AEF9-423E-80F6-2AF2259E7746} = {7360EE56-E559-44F4-A213-64284EB1667D}
	EndGlobalSection
	GlobalSection(ExtensibilityGlobals) = postSolution
		SolutionGuid = {B1C3663B-99E1-4586-A5C7-3E11471249A6}
	EndGlobalSection
EndGlobal
